
Microsoft Visual Studio Solution File, Format Version 12.00
Project("{2150E333-8FDC-42A3-9474-1A3956D46DE8}") = "Src", "Src", "{57333AE1-759C-49FB-A03B-0828175DF6E3}"
EndProject
Project("{FAE04EC0-301F-11D3-BF4B-00C04F79EFBC}") = "ScholarPortal.Services.Employees.Api", "src\ScholarPortal.Services.Employees.Api\ScholarPortal.Services.Employees.Api.csproj", "{FE301E52-B087-443B-BB0B-6ACB9B814716}"
EndProject
Project("{FAE04EC0-301F-11D3-BF4B-00C04F79EFBC}") = "ScholarPortal.Services.Employees.Application", "src\ScholarPortal.Services.Employees.Application\ScholarPortal.Services.Employees.Application.csproj", "{AA7BED4F-7AF0-4AF0-8F8A-9B0AC9E5F897}"
EndProject
Project("{FAE04EC0-301F-11D3-BF4B-00C04F79EFBC}") = "ScholarPortal.Services.Employees.Core", "src\ScholarPortal.Services.Employees.Core\ScholarPortal.Services.Employees.Core.csproj", "{FFE565A9-D57F-4DAC-BBEA-44EEAB7771AD}"
EndProject
Project("{FAE04EC0-301F-11D3-BF4B-00C04F79EFBC}") = "ScholarPortal.Services.Employees.Infrastructure", "src\ScholarPortal.Services.Employees.Infrastructure\ScholarPortal.Services.Employees.Infrastructure.csproj", "{10BA8ECB-6EC0-41D4-A6A0-2EA567A5518F}"
EndProject
Global
	GlobalSection(SolutionConfigurationPlatforms) = preSolution
		Debug|Any CPU = Debug|Any CPU
		Release|Any CPU = Release|Any CPU
	EndGlobalSection
	GlobalSection(NestedProjects) = preSolution
		{FE301E52-B087-443B-BB0B-6ACB9B814716} = {57333AE1-759C-49FB-A03B-0828175DF6E3}
		{AA7BED4F-7AF0-4AF0-8F8A-9B0AC9E5F897} = {57333AE1-759C-49FB-A03B-0828175DF6E3}
		{FFE565A9-D57F-4DAC-BBEA-44EEAB7771AD} = {57333AE1-759C-49FB-A03B-0828175DF6E3}
		{10BA8ECB-6EC0-41D4-A6A0-2EA567A5518F} = {57333AE1-759C-49FB-A03B-0828175DF6E3}
	EndGlobalSection
	GlobalSection(ProjectConfigurationPlatforms) = postSolution
		{FE301E52-B087-443B-BB0B-6ACB9B814716}.Debug|Any CPU.ActiveCfg = Debug|Any CPU
		{FE301E52-B087-443B-BB0B-6ACB9B814716}.Debug|Any CPU.Build.0 = Debug|Any CPU
		{FE301E52-B087-443B-BB0B-6ACB9B814716}.Release|Any CPU.ActiveCfg = Release|Any CPU
		{FE301E52-B087-443B-BB0B-6ACB9B814716}.Release|Any CPU.Build.0 = Release|Any CPU
		{AA7BED4F-7AF0-4AF0-8F8A-9B0AC9E5F897}.Debug|Any CPU.ActiveCfg = Debug|Any CPU
		{AA7BED4F-7AF0-4AF0-8F8A-9B0AC9E5F897}.Debug|Any CPU.Build.0 = Debug|Any CPU
		{AA7BED4F-7AF0-4AF0-8F8A-9B0AC9E5F897}.Release|Any CPU.ActiveCfg = Release|Any CPU
		{AA7BED4F-7AF0-4AF0-8F8A-9B0AC9E5F897}.Release|Any CPU.Build.0 = Release|Any CPU
		{FFE565A9-D57F-4DAC-BBEA-44EEAB7771AD}.Debug|Any CPU.ActiveCfg = Debug|Any CPU
		{FFE565A9-D57F-4DAC-BBEA-44EEAB7771AD}.Debug|Any CPU.Build.0 = Debug|Any CPU
		{FFE565A9-D57F-4DAC-BBEA-44EEAB7771AD}.Release|Any CPU.ActiveCfg = Release|Any CPU
		{FFE565A9-D57F-4DAC-BBEA-44EEAB7771AD}.Release|Any CPU.Build.0 = Release|Any CPU
		{10BA8ECB-6EC0-41D4-A6A0-2EA567A5518F}.Debug|Any CPU.ActiveCfg = Debug|Any CPU
		{10BA8ECB-6EC0-41D4-A6A0-2EA567A5518F}.Debug|Any CPU.Build.0 = Debug|Any CPU
		{10BA8ECB-6EC0-41D4-A6A0-2EA567A5518F}.Release|Any CPU.ActiveCfg = Release|Any CPU
		{10BA8ECB-6EC0-41D4-A6A0-2EA567A5518F}.Release|Any CPU.Build.0 = Release|Any CPU
	EndGlobalSection
EndGlobal
